// !$*UTF8*$!
{
	archiveVersion = 1;
	classes = {
	};
	objectVersion = 51;
	objects = {

/* Begin PBXBuildFile section */
		0EC6A4951FA5CC5B076942EA /* Pods_HavasTests.framework in Frameworks */ = {isa = PBXBuildFile; fileRef = F5DF1ED188E44C2FA07378C3 /* Pods_HavasTests.framework */; };
		224923F70018BD6DDBB75F49 /* Pods_Havas_HavasUITests.framework in Frameworks */ = {isa = PBXBuildFile; fileRef = C062CD86FC22B34A6378C355 /* Pods_Havas_HavasUITests.framework */; };
		2A72227835EACE6E026A0D46 /* Pods_Havas.framework in Frameworks */ = {isa = PBXBuildFile; fileRef = DD3B923810CFB703E9714E53 /* Pods_Havas.framework */; };
		661365C6262238B2002E4A68 /* PostTableViewCell.swift in Sources */ = {isa = PBXBuildFile; fileRef = 661365C5262238B2002E4A68 /* PostTableViewCell.swift */; };
		661365D52622C86D002E4A68 /* Localizable.strings in Resources */ = {isa = PBXBuildFile; fileRef = 661365D42622C86D002E4A68 /* Localizable.strings */; };
		66836A40262360CA005CE897 /* PostDetailViewController.m in Sources */ = {isa = PBXBuildFile; fileRef = 66836A3E262360CA005CE897 /* PostDetailViewController.m */; };
		66836A45262360E8005CE897 /* PostDetail.storyboard in Resources */ = {isa = PBXBuildFile; fileRef = 66836A44262360E8005CE897 /* PostDetail.storyboard */; };
		66C0CA392621607200055BEC /* AppDelegate.swift in Sources */ = {isa = PBXBuildFile; fileRef = 66C0CA382621607200055BEC /* AppDelegate.swift */; };
		66C0CA3B2621607200055BEC /* SceneDelegate.swift in Sources */ = {isa = PBXBuildFile; fileRef = 66C0CA3A2621607200055BEC /* SceneDelegate.swift */; };
		66C0CA3D2621607200055BEC /* ViewController.swift in Sources */ = {isa = PBXBuildFile; fileRef = 66C0CA3C2621607200055BEC /* ViewController.swift */; };
		66C0CA402621607200055BEC /* Main.storyboard in Resources */ = {isa = PBXBuildFile; fileRef = 66C0CA3E2621607200055BEC /* Main.storyboard */; };
		66C0CA422621607300055BEC /* Assets.xcassets in Resources */ = {isa = PBXBuildFile; fileRef = 66C0CA412621607300055BEC /* Assets.xcassets */; };
		66C0CA452621607300055BEC /* LaunchScreen.storyboard in Resources */ = {isa = PBXBuildFile; fileRef = 66C0CA432621607300055BEC /* LaunchScreen.storyboard */; };
		66C0CA502621607400055BEC /* HavasTests.swift in Sources */ = {isa = PBXBuildFile; fileRef = 66C0CA4F2621607400055BEC /* HavasTests.swift */; };
		66C0CA5B2621607400055BEC /* HavasUITests.swift in Sources */ = {isa = PBXBuildFile; fileRef = 66C0CA5A2621607400055BEC /* HavasUITests.swift */; };
		66C0CA6C262160CB00055BEC /* Podfile in Resources */ = {isa = PBXBuildFile; fileRef = 66C0CA6B262160CB00055BEC /* Podfile */; };
		66C0CA7E262162EE00055BEC /* Post.swift in Sources */ = {isa = PBXBuildFile; fileRef = 66C0CA7D262162EE00055BEC /* Post.swift */; };
		66C0CA872622049A00055BEC /* PostInteractor.swift in Sources */ = {isa = PBXBuildFile; fileRef = 66C0CA862622049A00055BEC /* PostInteractor.swift */; };
		66C0CA962622050600055BEC /* BaseInteractor.swift in Sources */ = {isa = PBXBuildFile; fileRef = 66C0CA902622050600055BEC /* BaseInteractor.swift */; };
		66C0CA982622050600055BEC /* BasePresenter.swift in Sources */ = {isa = PBXBuildFile; fileRef = 66C0CA922622050600055BEC /* BasePresenter.swift */; };
		66C0CA992622050600055BEC /* BaseRouter.swift in Sources */ = {isa = PBXBuildFile; fileRef = 66C0CA932622050600055BEC /* BaseRouter.swift */; };
		66C0CA9A2622050600055BEC /* BaseView.swift in Sources */ = {isa = PBXBuildFile; fileRef = 66C0CA942622050600055BEC /* BaseView.swift */; };
		66C0CAA8262205C100055BEC /* PostRepository.swift in Sources */ = {isa = PBXBuildFile; fileRef = 66C0CAA7262205C100055BEC /* PostRepository.swift */; };
		66C0CAAD2622166C00055BEC /* Store.swift in Sources */ = {isa = PBXBuildFile; fileRef = 66C0CAAC2622166C00055BEC /* Store.swift */; };
		66C0CABF2622282E00055BEC /* PosstDetailRouter.swift in Sources */ = {isa = PBXBuildFile; fileRef = 66C0CAB32622282E00055BEC /* PosstDetailRouter.swift */; };
		66C0CAC02622282E00055BEC /* PostDetailPresenter.swift in Sources */ = {isa = PBXBuildFile; fileRef = 66C0CAB42622282E00055BEC /* PostDetailPresenter.swift */; };
		66C0CAC22622282E00055BEC /* PostDetailView.swift in Sources */ = {isa = PBXBuildFile; fileRef = 66C0CAB62622282E00055BEC /* PostDetailView.swift */; };
		66C0CAC42622282E00055BEC /* PostListRouter.swift in Sources */ = {isa = PBXBuildFile; fileRef = 66C0CAB92622282E00055BEC /* PostListRouter.swift */; };
		66C0CAC62622282F00055BEC /* PostListPresenter.swift in Sources */ = {isa = PBXBuildFile; fileRef = 66C0CABB2622282E00055BEC /* PostListPresenter.swift */; };
		66C0CAC72622282F00055BEC /* PostListViewController.swift in Sources */ = {isa = PBXBuildFile; fileRef = 66C0CABC2622282E00055BEC /* PostListViewController.swift */; };
		66C0CAC82622282F00055BEC /* PostListView.swift in Sources */ = {isa = PBXBuildFile; fileRef = 66C0CABD2622282E00055BEC /* PostListView.swift */; };
		66C0CAD02622283900055BEC /* PostApiRepository.swift in Sources */ = {isa = PBXBuildFile; fileRef = 66C0CACE2622283900055BEC /* PostApiRepository.swift */; };
		66C0CAFD262229BE00055BEC /* PostList.storyboard in Resources */ = {isa = PBXBuildFile; fileRef = 66C0CAFC262229BE00055BEC /* PostList.storyboard */; };
/* End PBXBuildFile section */

/* Begin PBXContainerItemProxy section */
		66C0CA4C2621607400055BEC /* PBXContainerItemProxy */ = {
			isa = PBXContainerItemProxy;
			containerPortal = 66C0CA2D2621607200055BEC /* Project object */;
			proxyType = 1;
			remoteGlobalIDString = 66C0CA342621607200055BEC;
			remoteInfo = Havas;
		};
		66C0CA572621607400055BEC /* PBXContainerItemProxy */ = {
			isa = PBXContainerItemProxy;
			containerPortal = 66C0CA2D2621607200055BEC /* Project object */;
			proxyType = 1;
			remoteGlobalIDString = 66C0CA342621607200055BEC;
			remoteInfo = Havas;
		};
/* End PBXContainerItemProxy section */

/* Begin PBXFileReference section */
		0C0CBFA808EFFE070C32E55E /* Pods-Havas-HavasUITests.debug.xcconfig */ = {isa = PBXFileReference; includeInIndex = 1; lastKnownFileType = text.xcconfig; name = "Pods-Havas-HavasUITests.debug.xcconfig"; path = "Target Support Files/Pods-Havas-HavasUITests/Pods-Havas-HavasUITests.debug.xcconfig"; sourceTree = "<group>"; };
		18365C593E05027CF8670A97 /* Pods-Havas.debug.xcconfig */ = {isa = PBXFileReference; includeInIndex = 1; lastKnownFileType = text.xcconfig; name = "Pods-Havas.debug.xcconfig"; path = "Target Support Files/Pods-Havas/Pods-Havas.debug.xcconfig"; sourceTree = "<group>"; };
		2C16887AD29674EA38CD947B /* Pods-Havas-HavasUITests.release.xcconfig */ = {isa = PBXFileReference; includeInIndex = 1; lastKnownFileType = text.xcconfig; name = "Pods-Havas-HavasUITests.release.xcconfig"; path = "Target Support Files/Pods-Havas-HavasUITests/Pods-Havas-HavasUITests.release.xcconfig"; sourceTree = "<group>"; };
		3C773997E3B06D0147C12EE0 /* Pods-Havas.release.xcconfig */ = {isa = PBXFileReference; includeInIndex = 1; lastKnownFileType = text.xcconfig; name = "Pods-Havas.release.xcconfig"; path = "Target Support Files/Pods-Havas/Pods-Havas.release.xcconfig"; sourceTree = "<group>"; };
		661365C5262238B2002E4A68 /* PostTableViewCell.swift */ = {isa = PBXFileReference; lastKnownFileType = sourcecode.swift; path = PostTableViewCell.swift; sourceTree = "<group>"; };
		661365D42622C86D002E4A68 /* Localizable.strings */ = {isa = PBXFileReference; lastKnownFileType = text.plist.strings; path = Localizable.strings; sourceTree = "<group>"; };
		66836A3D262360CA005CE897 /* Havas-Bridging-Header.h */ = {isa = PBXFileReference; lastKnownFileType = sourcecode.c.h; path = "Havas-Bridging-Header.h"; sourceTree = "<group>"; };
		66836A3E262360CA005CE897 /* PostDetailViewController.m */ = {isa = PBXFileReference; fileEncoding = 4; lastKnownFileType = sourcecode.c.objc; path = PostDetailViewController.m; sourceTree = "<group>"; };
		66836A3F262360CA005CE897 /* PostDetailViewController.h */ = {isa = PBXFileReference; fileEncoding = 4; lastKnownFileType = sourcecode.c.h; path = PostDetailViewController.h; sourceTree = "<group>"; };
		66836A44262360E8005CE897 /* PostDetail.storyboard */ = {isa = PBXFileReference; lastKnownFileType = file.storyboard; path = PostDetail.storyboard; sourceTree = "<group>"; };
		66C0CA352621607200055BEC /* Havas.app */ = {isa = PBXFileReference; explicitFileType = wrapper.application; includeInIndex = 0; path = Havas.app; sourceTree = BUILT_PRODUCTS_DIR; };
		66C0CA382621607200055BEC /* AppDelegate.swift */ = {isa = PBXFileReference; lastKnownFileType = sourcecode.swift; path = AppDelegate.swift; sourceTree = "<group>"; };
		66C0CA3A2621607200055BEC /* SceneDelegate.swift */ = {isa = PBXFileReference; lastKnownFileType = sourcecode.swift; path = SceneDelegate.swift; sourceTree = "<group>"; };
		66C0CA3C2621607200055BEC /* ViewController.swift */ = {isa = PBXFileReference; lastKnownFileType = sourcecode.swift; path = ViewController.swift; sourceTree = "<group>"; };
		66C0CA3F2621607200055BEC /* Base */ = {isa = PBXFileReference; lastKnownFileType = file.storyboard; name = Base; path = Base.lproj/Main.storyboard; sourceTree = "<group>"; };
		66C0CA412621607300055BEC /* Assets.xcassets */ = {isa = PBXFileReference; lastKnownFileType = folder.assetcatalog; path = Assets.xcassets; sourceTree = "<group>"; };
		66C0CA442621607300055BEC /* Base */ = {isa = PBXFileReference; lastKnownFileType = file.storyboard; name = Base; path = Base.lproj/LaunchScreen.storyboard; sourceTree = "<group>"; };
		66C0CA462621607300055BEC /* Info.plist */ = {isa = PBXFileReference; lastKnownFileType = text.plist.xml; path = Info.plist; sourceTree = "<group>"; };
		66C0CA4B2621607400055BEC /* HavasTests.xctest */ = {isa = PBXFileReference; explicitFileType = wrapper.cfbundle; includeInIndex = 0; path = HavasTests.xctest; sourceTree = BUILT_PRODUCTS_DIR; };
		66C0CA4F2621607400055BEC /* HavasTests.swift */ = {isa = PBXFileReference; lastKnownFileType = sourcecode.swift; path = HavasTests.swift; sourceTree = "<group>"; };
		66C0CA512621607400055BEC /* Info.plist */ = {isa = PBXFileReference; lastKnownFileType = text.plist.xml; path = Info.plist; sourceTree = "<group>"; };
		66C0CA562621607400055BEC /* HavasUITests.xctest */ = {isa = PBXFileReference; explicitFileType = wrapper.cfbundle; includeInIndex = 0; path = HavasUITests.xctest; sourceTree = BUILT_PRODUCTS_DIR; };
		66C0CA5A2621607400055BEC /* HavasUITests.swift */ = {isa = PBXFileReference; lastKnownFileType = sourcecode.swift; path = HavasUITests.swift; sourceTree = "<group>"; };
		66C0CA5C2621607400055BEC /* Info.plist */ = {isa = PBXFileReference; lastKnownFileType = text.plist.xml; path = Info.plist; sourceTree = "<group>"; };
		66C0CA6B262160CB00055BEC /* Podfile */ = {isa = PBXFileReference; lastKnownFileType = text; path = Podfile; sourceTree = "<group>"; xcLanguageSpecificationIdentifier = xcode.lang.ruby; };
		66C0CA7D262162EE00055BEC /* Post.swift */ = {isa = PBXFileReference; fileEncoding = 4; lastKnownFileType = sourcecode.swift; path = Post.swift; sourceTree = "<group>"; };
		66C0CA862622049A00055BEC /* PostInteractor.swift */ = {isa = PBXFileReference; lastKnownFileType = sourcecode.swift; path = PostInteractor.swift; sourceTree = "<group>"; };
		66C0CA902622050600055BEC /* BaseInteractor.swift */ = {isa = PBXFileReference; fileEncoding = 4; lastKnownFileType = sourcecode.swift; path = BaseInteractor.swift; sourceTree = "<group>"; };
		66C0CA922622050600055BEC /* BasePresenter.swift */ = {isa = PBXFileReference; fileEncoding = 4; lastKnownFileType = sourcecode.swift; path = BasePresenter.swift; sourceTree = "<group>"; };
		66C0CA932622050600055BEC /* BaseRouter.swift */ = {isa = PBXFileReference; fileEncoding = 4; lastKnownFileType = sourcecode.swift; path = BaseRouter.swift; sourceTree = "<group>"; };
		66C0CA942622050600055BEC /* BaseView.swift */ = {isa = PBXFileReference; fileEncoding = 4; lastKnownFileType = sourcecode.swift; path = BaseView.swift; sourceTree = "<group>"; };
		66C0CAA7262205C100055BEC /* PostRepository.swift */ = {isa = PBXFileReference; lastKnownFileType = sourcecode.swift; path = PostRepository.swift; sourceTree = "<group>"; };
		66C0CAAC2622166C00055BEC /* Store.swift */ = {isa = PBXFileReference; lastKnownFileType = sourcecode.swift; path = Store.swift; sourceTree = "<group>"; };
		66C0CAB32622282E00055BEC /* PosstDetailRouter.swift */ = {isa = PBXFileReference; fileEncoding = 4; lastKnownFileType = sourcecode.swift; path = PosstDetailRouter.swift; sourceTree = "<group>"; };
		66C0CAB42622282E00055BEC /* PostDetailPresenter.swift */ = {isa = PBXFileReference; fileEncoding = 4; lastKnownFileType = sourcecode.swift; path = PostDetailPresenter.swift; sourceTree = "<group>"; };
		66C0CAB62622282E00055BEC /* PostDetailView.swift */ = {isa = PBXFileReference; fileEncoding = 4; lastKnownFileType = sourcecode.swift; path = PostDetailView.swift; sourceTree = "<group>"; };
		66C0CAB92622282E00055BEC /* PostListRouter.swift */ = {isa = PBXFileReference; fileEncoding = 4; lastKnownFileType = sourcecode.swift; path = PostListRouter.swift; sourceTree = "<group>"; };
		66C0CABB2622282E00055BEC /* PostListPresenter.swift */ = {isa = PBXFileReference; fileEncoding = 4; lastKnownFileType = sourcecode.swift; path = PostListPresenter.swift; sourceTree = "<group>"; };
		66C0CABC2622282E00055BEC /* PostListViewController.swift */ = {isa = PBXFileReference; fileEncoding = 4; lastKnownFileType = sourcecode.swift; path = PostListViewController.swift; sourceTree = "<group>"; };
		66C0CABD2622282E00055BEC /* PostListView.swift */ = {isa = PBXFileReference; fileEncoding = 4; lastKnownFileType = sourcecode.swift; path = PostListView.swift; sourceTree = "<group>"; };
		66C0CACE2622283900055BEC /* PostApiRepository.swift */ = {isa = PBXFileReference; fileEncoding = 4; lastKnownFileType = sourcecode.swift; path = PostApiRepository.swift; sourceTree = "<group>"; };
		66C0CAFC262229BE00055BEC /* PostList.storyboard */ = {isa = PBXFileReference; lastKnownFileType = file.storyboard; path = PostList.storyboard; sourceTree = "<group>"; };
		C062CD86FC22B34A6378C355 /* Pods_Havas_HavasUITests.framework */ = {isa = PBXFileReference; explicitFileType = wrapper.framework; includeInIndex = 0; path = Pods_Havas_HavasUITests.framework; sourceTree = BUILT_PRODUCTS_DIR; };
		C99DAE487F3D6EBB325F6EF3 /* Pods-HavasTests.debug.xcconfig */ = {isa = PBXFileReference; includeInIndex = 1; lastKnownFileType = text.xcconfig; name = "Pods-HavasTests.debug.xcconfig"; path = "Target Support Files/Pods-HavasTests/Pods-HavasTests.debug.xcconfig"; sourceTree = "<group>"; };
		DD3B923810CFB703E9714E53 /* Pods_Havas.framework */ = {isa = PBXFileReference; explicitFileType = wrapper.framework; includeInIndex = 0; path = Pods_Havas.framework; sourceTree = BUILT_PRODUCTS_DIR; };
		DD9394E33AB70A1C553C65E4 /* Pods-HavasTests.release.xcconfig */ = {isa = PBXFileReference; includeInIndex = 1; lastKnownFileType = text.xcconfig; name = "Pods-HavasTests.release.xcconfig"; path = "Target Support Files/Pods-HavasTests/Pods-HavasTests.release.xcconfig"; sourceTree = "<group>"; };
		F5DF1ED188E44C2FA07378C3 /* Pods_HavasTests.framework */ = {isa = PBXFileReference; explicitFileType = wrapper.framework; includeInIndex = 0; path = Pods_HavasTests.framework; sourceTree = BUILT_PRODUCTS_DIR; };
/* End PBXFileReference section */

/* Begin PBXFrameworksBuildPhase section */
		66C0CA322621607200055BEC /* Frameworks */ = {
			isa = PBXFrameworksBuildPhase;
			buildActionMask = 2147483647;
			files = (
				2A72227835EACE6E026A0D46 /* Pods_Havas.framework in Frameworks */,
			);
			runOnlyForDeploymentPostprocessing = 0;
		};
		66C0CA482621607400055BEC /* Frameworks */ = {
			isa = PBXFrameworksBuildPhase;
			buildActionMask = 2147483647;
			files = (
				0EC6A4951FA5CC5B076942EA /* Pods_HavasTests.framework in Frameworks */,
			);
			runOnlyForDeploymentPostprocessing = 0;
		};
		66C0CA532621607400055BEC /* Frameworks */ = {
			isa = PBXFrameworksBuildPhase;
			buildActionMask = 2147483647;
			files = (
				224923F70018BD6DDBB75F49 /* Pods_Havas_HavasUITests.framework in Frameworks */,
			);
			runOnlyForDeploymentPostprocessing = 0;
		};
/* End PBXFrameworksBuildPhase section */

/* Begin PBXGroup section */
		66C0CA2C2621607200055BEC = {
			isa = PBXGroup;
			children = (
				66C0CA6B262160CB00055BEC /* Podfile */,
				66C0CA372621607200055BEC /* Havas */,
				66C0CA4E2621607400055BEC /* HavasTests */,
				66C0CA592621607400055BEC /* HavasUITests */,
				66C0CA362621607200055BEC /* Products */,
				671EA770B64938F4E1D4EB61 /* Pods */,
				B6B3B5D7D9934C8998E893CC /* Frameworks */,
			);
			sourceTree = "<group>";
		};
		66C0CA362621607200055BEC /* Products */ = {
			isa = PBXGroup;
			children = (
				66C0CA352621607200055BEC /* Havas.app */,
				66C0CA4B2621607400055BEC /* HavasTests.xctest */,
				66C0CA562621607400055BEC /* HavasUITests.xctest */,
			);
			name = Products;
			sourceTree = "<group>";
		};
		66C0CA372621607200055BEC /* Havas */ = {
			isa = PBXGroup;
			children = (
				66C0CACD2622283900055BEC /* Data */,
				66C0CAB12622282E00055BEC /* UI */,
				66C0CA8E2622050600055BEC /* Base */,
				66C0CA852622046900055BEC /* UseCase */,
				66C0CA7C262162EE00055BEC /* Model */,
				66C0CAAC2622166C00055BEC /* Store.swift */,
				66836A3D262360CA005CE897 /* Havas-Bridging-Header.h */,
				66C0CA382621607200055BEC /* AppDelegate.swift */,
				66C0CA3A2621607200055BEC /* SceneDelegate.swift */,
				66C0CA3C2621607200055BEC /* ViewController.swift */,
				66C0CA3E2621607200055BEC /* Main.storyboard */,
				66C0CA412621607300055BEC /* Assets.xcassets */,
				66C0CA432621607300055BEC /* LaunchScreen.storyboard */,
				66C0CA462621607300055BEC /* Info.plist */,
				661365D42622C86D002E4A68 /* Localizable.strings */,
			);
			path = Havas;
			sourceTree = "<group>";
		};
		66C0CA4E2621607400055BEC /* HavasTests */ = {
			isa = PBXGroup;
			children = (
				66C0CA4F2621607400055BEC /* HavasTests.swift */,
				66C0CA512621607400055BEC /* Info.plist */,
			);
			path = HavasTests;
			sourceTree = "<group>";
		};
		66C0CA592621607400055BEC /* HavasUITests */ = {
			isa = PBXGroup;
			children = (
				66C0CA5A2621607400055BEC /* HavasUITests.swift */,
				66C0CA5C2621607400055BEC /* Info.plist */,
			);
			path = HavasUITests;
			sourceTree = "<group>";
		};
		66C0CA7C262162EE00055BEC /* Model */ = {
			isa = PBXGroup;
			children = (
				66C0CA7D262162EE00055BEC /* Post.swift */,
			);
			path = Model;
			sourceTree = "<group>";
		};
		66C0CA852622046900055BEC /* UseCase */ = {
			isa = PBXGroup;
			children = (
				66C0CA862622049A00055BEC /* PostInteractor.swift */,
				66C0CAA7262205C100055BEC /* PostRepository.swift */,
			);
			path = UseCase;
			sourceTree = "<group>";
		};
		66C0CA8E2622050600055BEC /* Base */ = {
			isa = PBXGroup;
			children = (
				66C0CA902622050600055BEC /* BaseInteractor.swift */,
				66C0CA922622050600055BEC /* BasePresenter.swift */,
				66C0CA932622050600055BEC /* BaseRouter.swift */,
				66C0CA942622050600055BEC /* BaseView.swift */,
			);
			path = Base;
			sourceTree = "<group>";
		};
		66C0CAB12622282E00055BEC /* UI */ = {
			isa = PBXGroup;
			children = (
				66C0CAB22622282E00055BEC /* PostDetail */,
				66C0CAB82622282E00055BEC /* PostList */,
			);
			path = UI;
			sourceTree = "<group>";
		};
		66C0CAB22622282E00055BEC /* PostDetail */ = {
			isa = PBXGroup;
			children = (
				66836A44262360E8005CE897 /* PostDetail.storyboard */,
				66836A3F262360CA005CE897 /* PostDetailViewController.h */,
				66836A3E262360CA005CE897 /* PostDetailViewController.m */,
				66C0CAB32622282E00055BEC /* PosstDetailRouter.swift */,
				66C0CAB42622282E00055BEC /* PostDetailPresenter.swift */,
				66C0CAB62622282E00055BEC /* PostDetailView.swift */,
			);
			path = PostDetail;
			sourceTree = "<group>";
		};
		66C0CAB82622282E00055BEC /* PostList */ = {
			isa = PBXGroup;
			children = (
				66C0CAFC262229BE00055BEC /* PostList.storyboard */,
				66C0CABC2622282E00055BEC /* PostListViewController.swift */,
				66C0CAB92622282E00055BEC /* PostListRouter.swift */,
				66C0CABD2622282E00055BEC /* PostListView.swift */,
				66C0CABB2622282E00055BEC /* PostListPresenter.swift */,
				661365C5262238B2002E4A68 /* PostTableViewCell.swift */,
			);
			path = PostList;
			sourceTree = "<group>";
		};
		66C0CACD2622283900055BEC /* Data */ = {
			isa = PBXGroup;
			children = (
				66C0CACE2622283900055BEC /* PostApiRepository.swift */,
			);
			path = Data;
			sourceTree = "<group>";
		};
		671EA770B64938F4E1D4EB61 /* Pods */ = {
			isa = PBXGroup;
			children = (
				18365C593E05027CF8670A97 /* Pods-Havas.debug.xcconfig */,
				3C773997E3B06D0147C12EE0 /* Pods-Havas.release.xcconfig */,
				0C0CBFA808EFFE070C32E55E /* Pods-Havas-HavasUITests.debug.xcconfig */,
				2C16887AD29674EA38CD947B /* Pods-Havas-HavasUITests.release.xcconfig */,
				C99DAE487F3D6EBB325F6EF3 /* Pods-HavasTests.debug.xcconfig */,
				DD9394E33AB70A1C553C65E4 /* Pods-HavasTests.release.xcconfig */,
			);
			path = Pods;
			sourceTree = "<group>";
		};
		B6B3B5D7D9934C8998E893CC /* Frameworks */ = {
			isa = PBXGroup;
			children = (
				DD3B923810CFB703E9714E53 /* Pods_Havas.framework */,
				C062CD86FC22B34A6378C355 /* Pods_Havas_HavasUITests.framework */,
				F5DF1ED188E44C2FA07378C3 /* Pods_HavasTests.framework */,
			);
			name = Frameworks;
			sourceTree = "<group>";
		};
/* End PBXGroup section */

/* Begin PBXNativeTarget section */
		66C0CA342621607200055BEC /* Havas */ = {
			isa = PBXNativeTarget;
			buildConfigurationList = 66C0CA5F2621607400055BEC /* Build configuration list for PBXNativeTarget "Havas" */;
			buildPhases = (
				DDE29404F72FE4C826A96364 /* [CP] Check Pods Manifest.lock */,
				66C0CA312621607200055BEC /* Sources */,
				66C0CA322621607200055BEC /* Frameworks */,
				66C0CA332621607200055BEC /* Resources */,
				593DB75FF64694836AFA4D37 /* [CP] Embed Pods Frameworks */,
			);
			buildRules = (
			);
			dependencies = (
			);
			name = Havas;
			productName = Havas;
			productReference = 66C0CA352621607200055BEC /* Havas.app */;
			productType = "com.apple.product-type.application";
		};
		66C0CA4A2621607400055BEC /* HavasTests */ = {
			isa = PBXNativeTarget;
			buildConfigurationList = 66C0CA622621607400055BEC /* Build configuration list for PBXNativeTarget "HavasTests" */;
			buildPhases = (
				899F97EACCE0D8DAB156AD9D /* [CP] Check Pods Manifest.lock */,
				66C0CA472621607400055BEC /* Sources */,
				66C0CA482621607400055BEC /* Frameworks */,
				66C0CA492621607400055BEC /* Resources */,
			);
			buildRules = (
			);
			dependencies = (
				66C0CA4D2621607400055BEC /* PBXTargetDependency */,
			);
			name = HavasTests;
			productName = HavasTests;
			productReference = 66C0CA4B2621607400055BEC /* HavasTests.xctest */;
			productType = "com.apple.product-type.bundle.unit-test";
		};
		66C0CA552621607400055BEC /* HavasUITests */ = {
			isa = PBXNativeTarget;
			buildConfigurationList = 66C0CA652621607400055BEC /* Build configuration list for PBXNativeTarget "HavasUITests" */;
			buildPhases = (
				348BBFDF4BD8916B1ECD44DA /* [CP] Check Pods Manifest.lock */,
				66C0CA522621607400055BEC /* Sources */,
				66C0CA532621607400055BEC /* Frameworks */,
				66C0CA542621607400055BEC /* Resources */,
				0AF8F7C4BE2007561ADB770C /* [CP] Embed Pods Frameworks */,
			);
			buildRules = (
			);
			dependencies = (
				66C0CA582621607400055BEC /* PBXTargetDependency */,
			);
			name = HavasUITests;
			productName = HavasUITests;
			productReference = 66C0CA562621607400055BEC /* HavasUITests.xctest */;
			productType = "com.apple.product-type.bundle.ui-testing";
		};
/* End PBXNativeTarget section */

/* Begin PBXProject section */
		66C0CA2D2621607200055BEC /* Project object */ = {
			isa = PBXProject;
			attributes = {
				LastSwiftUpdateCheck = 1240;
				LastUpgradeCheck = 1240;
				TargetAttributes = {
					66C0CA342621607200055BEC = {
						CreatedOnToolsVersion = 12.4;
						LastSwiftMigration = 1240;
					};
					66C0CA4A2621607400055BEC = {
						CreatedOnToolsVersion = 12.4;
						TestTargetID = 66C0CA342621607200055BEC;
					};
					66C0CA552621607400055BEC = {
						CreatedOnToolsVersion = 12.4;
						TestTargetID = 66C0CA342621607200055BEC;
					};
				};
			};
			buildConfigurationList = 66C0CA302621607200055BEC /* Build configuration list for PBXProject "Havas" */;
			compatibilityVersion = "Xcode 9.3";
			developmentRegion = en;
			hasScannedForEncodings = 0;
			knownRegions = (
				en,
				Base,
			);
			mainGroup = 66C0CA2C2621607200055BEC;
			productRefGroup = 66C0CA362621607200055BEC /* Products */;
			projectDirPath = "";
			projectRoot = "";
			targets = (
				66C0CA342621607200055BEC /* Havas */,
				66C0CA4A2621607400055BEC /* HavasTests */,
				66C0CA552621607400055BEC /* HavasUITests */,
			);
		};
/* End PBXProject section */

/* Begin PBXResourcesBuildPhase section */
		66C0CA332621607200055BEC /* Resources */ = {
			isa = PBXResourcesBuildPhase;
			buildActionMask = 2147483647;
			files = (
				66C0CA452621607300055BEC /* LaunchScreen.storyboard in Resources */,
				661365D52622C86D002E4A68 /* Localizable.strings in Resources */,
				66C0CA422621607300055BEC /* Assets.xcassets in Resources */,
				66836A45262360E8005CE897 /* PostDetail.storyboard in Resources */,
				66C0CA6C262160CB00055BEC /* Podfile in Resources */,
				66C0CA402621607200055BEC /* Main.storyboard in Resources */,
				66C0CAFD262229BE00055BEC /* PostList.storyboard in Resources */,
			);
			runOnlyForDeploymentPostprocessing = 0;
		};
		66C0CA492621607400055BEC /* Resources */ = {
			isa = PBXResourcesBuildPhase;
			buildActionMask = 2147483647;
			files = (
			);
			runOnlyForDeploymentPostprocessing = 0;
		};
		66C0CA542621607400055BEC /* Resources */ = {
			isa = PBXResourcesBuildPhase;
			buildActionMask = 2147483647;
			files = (
			);
			runOnlyForDeploymentPostprocessing = 0;
		};
/* End PBXResourcesBuildPhase section */

/* Begin PBXShellScriptBuildPhase section */
		0AF8F7C4BE2007561ADB770C /* [CP] Embed Pods Frameworks */ = {
			isa = PBXShellScriptBuildPhase;
			buildActionMask = 2147483647;
			files = (
			);
			inputFileListPaths = (
				"${PODS_ROOT}/Target Support Files/Pods-Havas-HavasUITests/Pods-Havas-HavasUITests-frameworks-${CONFIGURATION}-input-files.xcfilelist",
			);
			name = "[CP] Embed Pods Frameworks";
			outputFileListPaths = (
				"${PODS_ROOT}/Target Support Files/Pods-Havas-HavasUITests/Pods-Havas-HavasUITests-frameworks-${CONFIGURATION}-output-files.xcfilelist",
			);
			runOnlyForDeploymentPostprocessing = 0;
			shellPath = /bin/sh;
			shellScript = "\"${PODS_ROOT}/Target Support Files/Pods-Havas-HavasUITests/Pods-Havas-HavasUITests-frameworks.sh\"\n";
			showEnvVarsInLog = 0;
		};
		348BBFDF4BD8916B1ECD44DA /* [CP] Check Pods Manifest.lock */ = {
			isa = PBXShellScriptBuildPhase;
			buildActionMask = 2147483647;
			files = (
			);
			inputFileListPaths = (
			);
			inputPaths = (
				"${PODS_PODFILE_DIR_PATH}/Podfile.lock",
				"${PODS_ROOT}/Manifest.lock",
			);
			name = "[CP] Check Pods Manifest.lock";
			outputFileListPaths = (
			);
			outputPaths = (
				"$(DERIVED_FILE_DIR)/Pods-Havas-HavasUITests-checkManifestLockResult.txt",
			);
			runOnlyForDeploymentPostprocessing = 0;
			shellPath = /bin/sh;
			shellScript = "diff \"${PODS_PODFILE_DIR_PATH}/Podfile.lock\" \"${PODS_ROOT}/Manifest.lock\" > /dev/null\nif [ $? != 0 ] ; then\n    # print error to STDERR\n    echo \"error: The sandbox is not in sync with the Podfile.lock. Run 'pod install' or update your CocoaPods installation.\" >&2\n    exit 1\nfi\n# This output is used by Xcode 'outputs' to avoid re-running this script phase.\necho \"SUCCESS\" > \"${SCRIPT_OUTPUT_FILE_0}\"\n";
			showEnvVarsInLog = 0;
		};
		593DB75FF64694836AFA4D37 /* [CP] Embed Pods Frameworks */ = {
			isa = PBXShellScriptBuildPhase;
			buildActionMask = 2147483647;
			files = (
			);
			inputFileListPaths = (
				"${PODS_ROOT}/Target Support Files/Pods-Havas/Pods-Havas-frameworks-${CONFIGURATION}-input-files.xcfilelist",
			);
			name = "[CP] Embed Pods Frameworks";
			outputFileListPaths = (
				"${PODS_ROOT}/Target Support Files/Pods-Havas/Pods-Havas-frameworks-${CONFIGURATION}-output-files.xcfilelist",
			);
			runOnlyForDeploymentPostprocessing = 0;
			shellPath = /bin/sh;
			shellScript = "\"${PODS_ROOT}/Target Support Files/Pods-Havas/Pods-Havas-frameworks.sh\"\n";
			showEnvVarsInLog = 0;
		};
		899F97EACCE0D8DAB156AD9D /* [CP] Check Pods Manifest.lock */ = {
			isa = PBXShellScriptBuildPhase;
			buildActionMask = 2147483647;
			files = (
			);
			inputFileListPaths = (
			);
			inputPaths = (
				"${PODS_PODFILE_DIR_PATH}/Podfile.lock",
				"${PODS_ROOT}/Manifest.lock",
			);
			name = "[CP] Check Pods Manifest.lock";
			outputFileListPaths = (
			);
			outputPaths = (
				"$(DERIVED_FILE_DIR)/Pods-HavasTests-checkManifestLockResult.txt",
			);
			runOnlyForDeploymentPostprocessing = 0;
			shellPath = /bin/sh;
			shellScript = "diff \"${PODS_PODFILE_DIR_PATH}/Podfile.lock\" \"${PODS_ROOT}/Manifest.lock\" > /dev/null\nif [ $? != 0 ] ; then\n    # print error to STDERR\n    echo \"error: The sandbox is not in sync with the Podfile.lock. Run 'pod install' or update your CocoaPods installation.\" >&2\n    exit 1\nfi\n# This output is used by Xcode 'outputs' to avoid re-running this script phase.\necho \"SUCCESS\" > \"${SCRIPT_OUTPUT_FILE_0}\"\n";
			showEnvVarsInLog = 0;
		};
		DDE29404F72FE4C826A96364 /* [CP] Check Pods Manifest.lock */ = {
			isa = PBXShellScriptBuildPhase;
			buildActionMask = 2147483647;
			files = (
			);
			inputFileListPaths = (
			);
			inputPaths = (
				"${PODS_PODFILE_DIR_PATH}/Podfile.lock",
				"${PODS_ROOT}/Manifest.lock",
			);
			name = "[CP] Check Pods Manifest.lock";
			outputFileListPaths = (
			);
			outputPaths = (
				"$(DERIVED_FILE_DIR)/Pods-Havas-checkManifestLockResult.txt",
			);
			runOnlyForDeploymentPostprocessing = 0;
			shellPath = /bin/sh;
			shellScript = "diff \"${PODS_PODFILE_DIR_PATH}/Podfile.lock\" \"${PODS_ROOT}/Manifest.lock\" > /dev/null\nif [ $? != 0 ] ; then\n    # print error to STDERR\n    echo \"error: The sandbox is not in sync with the Podfile.lock. Run 'pod install' or update your CocoaPods installation.\" >&2\n    exit 1\nfi\n# This output is used by Xcode 'outputs' to avoid re-running this script phase.\necho \"SUCCESS\" > \"${SCRIPT_OUTPUT_FILE_0}\"\n";
			showEnvVarsInLog = 0;
		};
/* End PBXShellScriptBuildPhase section */

/* Begin PBXSourcesBuildPhase section */
		66C0CA312621607200055BEC /* Sources */ = {
			isa = PBXSourcesBuildPhase;
			buildActionMask = 2147483647;
			files = (
				66836A40262360CA005CE897 /* PostDetailViewController.m in Sources */,
				66C0CA982622050600055BEC /* BasePresenter.swift in Sources */,
				66C0CAA8262205C100055BEC /* PostRepository.swift in Sources */,
				66C0CAC62622282F00055BEC /* PostListPresenter.swift in Sources */,
				66C0CAC02622282E00055BEC /* PostDetailPresenter.swift in Sources */,
				66C0CAC82622282F00055BEC /* PostListView.swift in Sources */,
				66C0CA3D2621607200055BEC /* ViewController.swift in Sources */,
				66C0CA392621607200055BEC /* AppDelegate.swift in Sources */,
				661365C6262238B2002E4A68 /* PostTableViewCell.swift in Sources */,
				66C0CA7E262162EE00055BEC /* Post.swift in Sources */,
				66C0CAC22622282E00055BEC /* PostDetailView.swift in Sources */,
				66C0CAD02622283900055BEC /* PostApiRepository.swift in Sources */,
				66C0CAC42622282E00055BEC /* PostListRouter.swift in Sources */,
				66C0CA3B2621607200055BEC /* SceneDelegate.swift in Sources */,
				66C0CAC72622282F00055BEC /* PostListViewController.swift in Sources */,
				66C0CAAD2622166C00055BEC /* Store.swift in Sources */,
				66C0CA992622050600055BEC /* BaseRouter.swift in Sources */,
				66C0CA872622049A00055BEC /* PostInteractor.swift in Sources */,
				66C0CA9A2622050600055BEC /* BaseView.swift in Sources */,
				66C0CABF2622282E00055BEC /* PosstDetailRouter.swift in Sources */,
				66C0CA962622050600055BEC /* BaseInteractor.swift in Sources */,
			);
			runOnlyForDeploymentPostprocessing = 0;
		};
		66C0CA472621607400055BEC /* Sources */ = {
			isa = PBXSourcesBuildPhase;
			buildActionMask = 2147483647;
			files = (
				66C0CA502621607400055BEC /* HavasTests.swift in Sources */,
			);
			runOnlyForDeploymentPostprocessing = 0;
		};
		66C0CA522621607400055BEC /* Sources */ = {
			isa = PBXSourcesBuildPhase;
			buildActionMask = 2147483647;
			files = (
				66C0CA5B2621607400055BEC /* HavasUITests.swift in Sources */,
			);
			runOnlyForDeploymentPostprocessing = 0;
		};
/* End PBXSourcesBuildPhase section */

/* Begin PBXTargetDependency section */
		66C0CA4D2621607400055BEC /* PBXTargetDependency */ = {
			isa = PBXTargetDependency;
			target = 66C0CA342621607200055BEC /* Havas */;
			targetProxy = 66C0CA4C2621607400055BEC /* PBXContainerItemProxy */;
		};
		66C0CA582621607400055BEC /* PBXTargetDependency */ = {
			isa = PBXTargetDependency;
			target = 66C0CA342621607200055BEC /* Havas */;
			targetProxy = 66C0CA572621607400055BEC /* PBXContainerItemProxy */;
		};
/* End PBXTargetDependency section */

/* Begin PBXVariantGroup section */
		66C0CA3E2621607200055BEC /* Main.storyboard */ = {
			isa = PBXVariantGroup;
			children = (
				66C0CA3F2621607200055BEC /* Base */,
			);
			name = Main.storyboard;
			sourceTree = "<group>";
		};
		66C0CA432621607300055BEC /* LaunchScreen.storyboard */ = {
			isa = PBXVariantGroup;
			children = (
				66C0CA442621607300055BEC /* Base */,
			);
			name = LaunchScreen.storyboard;
			sourceTree = "<group>";
		};
/* End PBXVariantGroup section */

/* Begin XCBuildConfiguration section */
		66C0CA5D2621607400055BEC /* Debug */ = {
			isa = XCBuildConfiguration;
			buildSettings = {
				ALWAYS_SEARCH_USER_PATHS = NO;
				CLANG_ANALYZER_NONNULL = YES;
				CLANG_ANALYZER_NUMBER_OBJECT_CONVERSION = YES_AGGRESSIVE;
				CLANG_CXX_LANGUAGE_STANDARD = "gnu++14";
				CLANG_CXX_LIBRARY = "libc++";
				CLANG_ENABLE_MODULES = YES;
				CLANG_ENABLE_OBJC_ARC = YES;
				CLANG_ENABLE_OBJC_WEAK = YES;
				CLANG_WARN_BLOCK_CAPTURE_AUTORELEASING = YES;
				CLANG_WARN_BOOL_CONVERSION = YES;
				CLANG_WARN_COMMA = YES;
				CLANG_WARN_CONSTANT_CONVERSION = YES;
				CLANG_WARN_DEPRECATED_OBJC_IMPLEMENTATIONS = YES;
				CLANG_WARN_DIRECT_OBJC_ISA_USAGE = YES_ERROR;
				CLANG_WARN_DOCUMENTATION_COMMENTS = YES;
				CLANG_WARN_EMPTY_BODY = YES;
				CLANG_WARN_ENUM_CONVERSION = YES;
				CLANG_WARN_INFINITE_RECURSION = YES;
				CLANG_WARN_INT_CONVERSION = YES;
				CLANG_WARN_NON_LITERAL_NULL_CONVERSION = YES;
				CLANG_WARN_OBJC_IMPLICIT_RETAIN_SELF = YES;
				CLANG_WARN_OBJC_LITERAL_CONVERSION = YES;
				CLANG_WARN_OBJC_ROOT_CLASS = YES_ERROR;
				CLANG_WARN_QUOTED_INCLUDE_IN_FRAMEWORK_HEADER = YES;
				CLANG_WARN_RANGE_LOOP_ANALYSIS = YES;
				CLANG_WARN_STRICT_PROTOTYPES = YES;
				CLANG_WARN_SUSPICIOUS_MOVE = YES;
				CLANG_WARN_UNGUARDED_AVAILABILITY = YES_AGGRESSIVE;
				CLANG_WARN_UNREACHABLE_CODE = YES;
				CLANG_WARN__DUPLICATE_METHOD_MATCH = YES;
				COPY_PHASE_STRIP = NO;
				DEBUG_INFORMATION_FORMAT = dwarf;
				ENABLE_STRICT_OBJC_MSGSEND = YES;
				ENABLE_TESTABILITY = YES;
				GCC_C_LANGUAGE_STANDARD = gnu11;
				GCC_DYNAMIC_NO_PIC = NO;
				GCC_NO_COMMON_BLOCKS = YES;
				GCC_OPTIMIZATION_LEVEL = 0;
				GCC_PREPROCESSOR_DEFINITIONS = (
					"DEBUG=1",
					"$(inherited)",
				);
				GCC_WARN_64_TO_32_BIT_CONVERSION = YES;
				GCC_WARN_ABOUT_RETURN_TYPE = YES_ERROR;
				GCC_WARN_UNDECLARED_SELECTOR = YES;
				GCC_WARN_UNINITIALIZED_AUTOS = YES_AGGRESSIVE;
				GCC_WARN_UNUSED_FUNCTION = YES;
				GCC_WARN_UNUSED_VARIABLE = YES;
				IPHONEOS_DEPLOYMENT_TARGET = 14.4;
				MTL_ENABLE_DEBUG_INFO = INCLUDE_SOURCE;
				MTL_FAST_MATH = YES;
				ONLY_ACTIVE_ARCH = YES;
				SDKROOT = iphoneos;
				SWIFT_ACTIVE_COMPILATION_CONDITIONS = DEBUG;
				SWIFT_OPTIMIZATION_LEVEL = "-Onone";
			};
			name = Debug;
		};
		66C0CA5E2621607400055BEC /* Release */ = {
			isa = XCBuildConfiguration;
			buildSettings = {
				ALWAYS_SEARCH_USER_PATHS = NO;
				CLANG_ANALYZER_NONNULL = YES;
				CLANG_ANALYZER_NUMBER_OBJECT_CONVERSION = YES_AGGRESSIVE;
				CLANG_CXX_LANGUAGE_STANDARD = "gnu++14";
				CLANG_CXX_LIBRARY = "libc++";
				CLANG_ENABLE_MODULES = YES;
				CLANG_ENABLE_OBJC_ARC = YES;
				CLANG_ENABLE_OBJC_WEAK = YES;
				CLANG_WARN_BLOCK_CAPTURE_AUTORELEASING = YES;
				CLANG_WARN_BOOL_CONVERSION = YES;
				CLANG_WARN_COMMA = YES;
				CLANG_WARN_CONSTANT_CONVERSION = YES;
				CLANG_WARN_DEPRECATED_OBJC_IMPLEMENTATIONS = YES;
				CLANG_WARN_DIRECT_OBJC_ISA_USAGE = YES_ERROR;
				CLANG_WARN_DOCUMENTATION_COMMENTS = YES;
				CLANG_WARN_EMPTY_BODY = YES;
				CLANG_WARN_ENUM_CONVERSION = YES;
				CLANG_WARN_INFINITE_RECURSION = YES;
				CLANG_WARN_INT_CONVERSION = YES;
				CLANG_WARN_NON_LITERAL_NULL_CONVERSION = YES;
				CLANG_WARN_OBJC_IMPLICIT_RETAIN_SELF = YES;
				CLANG_WARN_OBJC_LITERAL_CONVERSION = YES;
				CLANG_WARN_OBJC_ROOT_CLASS = YES_ERROR;
				CLANG_WARN_QUOTED_INCLUDE_IN_FRAMEWORK_HEADER = YES;
				CLANG_WARN_RANGE_LOOP_ANALYSIS = YES;
				CLANG_WARN_STRICT_PROTOTYPES = YES;
				CLANG_WARN_SUSPICIOUS_MOVE = YES;
				CLANG_WARN_UNGUARDED_AVAILABILITY = YES_AGGRESSIVE;
				CLANG_WARN_UNREACHABLE_CODE = YES;
				CLANG_WARN__DUPLICATE_METHOD_MATCH = YES;
				COPY_PHASE_STRIP = NO;
				DEBUG_INFORMATION_FORMAT = "dwarf-with-dsym";
				ENABLE_NS_ASSERTIONS = NO;
				ENABLE_STRICT_OBJC_MSGSEND = YES;
				GCC_C_LANGUAGE_STANDARD = gnu11;
				GCC_NO_COMMON_BLOCKS = YES;
				GCC_WARN_64_TO_32_BIT_CONVERSION = YES;
				GCC_WARN_ABOUT_RETURN_TYPE = YES_ERROR;
				GCC_WARN_UNDECLARED_SELECTOR = YES;
				GCC_WARN_UNINITIALIZED_AUTOS = YES_AGGRESSIVE;
				GCC_WARN_UNUSED_FUNCTION = YES;
				GCC_WARN_UNUSED_VARIABLE = YES;
				IPHONEOS_DEPLOYMENT_TARGET = 14.4;
				MTL_ENABLE_DEBUG_INFO = NO;
				MTL_FAST_MATH = YES;
				SDKROOT = iphoneos;
				SWIFT_COMPILATION_MODE = wholemodule;
				SWIFT_OPTIMIZATION_LEVEL = "-O";
				VALIDATE_PRODUCT = YES;
			};
			name = Release;
		};
		66C0CA602621607400055BEC /* Debug */ = {
			isa = XCBuildConfiguration;
			baseConfigurationReference = 18365C593E05027CF8670A97 /* Pods-Havas.debug.xcconfig */;
			buildSettings = {
				ASSETCATALOG_COMPILER_APPICON_NAME = AppIcon;
				ASSETCATALOG_COMPILER_GLOBAL_ACCENT_COLOR_NAME = AccentColor;
				CLANG_ENABLE_MODULES = YES;
				CODE_SIGN_STYLE = Automatic;
				DEFINES_MODULE = YES;
				DEVELOPMENT_TEAM = KAPBW44UCF;
				INFOPLIST_FILE = Havas/Info.plist;
				LD_RUNPATH_SEARCH_PATHS = (
					"$(inherited)",
					"@executable_path/Frameworks",
				);
				PRODUCT_BUNDLE_IDENTIFIER = com.example.Havas;
				PRODUCT_NAME = "$(TARGET_NAME)";
				SWIFT_OBJC_BRIDGING_HEADER = "Havas/Havas-Bridging-Header.h";
				SWIFT_OPTIMIZATION_LEVEL = "-Onone";
				SWIFT_SWIFT3_OBJC_INFERENCE = Default;
				SWIFT_VERSION = 5.0;
				TARGETED_DEVICE_FAMILY = "1,2";
			};
			name = Debug;
		};
		66C0CA612621607400055BEC /* Release */ = {
			isa = XCBuildConfiguration;
			baseConfigurationReference = 3C773997E3B06D0147C12EE0 /* Pods-Havas.release.xcconfig */;
			buildSettings = {
				ASSETCATALOG_COMPILER_APPICON_NAME = AppIcon;
				ASSETCATALOG_COMPILER_GLOBAL_ACCENT_COLOR_NAME = AccentColor;
				CLANG_ENABLE_MODULES = YES;
				CODE_SIGN_STYLE = Automatic;
				DEFINES_MODULE = YES;
				DEVELOPMENT_TEAM = KAPBW44UCF;
				INFOPLIST_FILE = Havas/Info.plist;
				LD_RUNPATH_SEARCH_PATHS = (
					"$(inherited)",
					"@executable_path/Frameworks",
				);
				PRODUCT_BUNDLE_IDENTIFIER = com.example.Havas;
				PRODUCT_NAME = "$(TARGET_NAME)";
				SWIFT_OBJC_BRIDGING_HEADER = "Havas/Havas-Bridging-Header.h";
				SWIFT_SWIFT3_OBJC_INFERENCE = Default;
				SWIFT_VERSION = 5.0;
				TARGETED_DEVICE_FAMILY = "1,2";
			};
			name = Release;
		};
		66C0CA632621607400055BEC /* Debug */ = {
			isa = XCBuildConfiguration;
			baseConfigurationReference = C99DAE487F3D6EBB325F6EF3 /* Pods-HavasTests.debug.xcconfig */;
			buildSettings = {
				ALWAYS_EMBED_SWIFT_STANDARD_LIBRARIES = YES;
				BUNDLE_LOADER = "$(TEST_HOST)";
				CODE_SIGN_STYLE = Automatic;
				DEVELOPMENT_TEAM = KAPBW44UCF;
				INFOPLIST_FILE = HavasTests/Info.plist;
				IPHONEOS_DEPLOYMENT_TARGET = 14.4;
				LD_RUNPATH_SEARCH_PATHS = (
					"$(inherited)",
					"@executable_path/Frameworks",
					"@loader_path/Frameworks",
				);
				PRODUCT_BUNDLE_IDENTIFIER = com.example.HavasTests;
				PRODUCT_NAME = "$(TARGET_NAME)";
				SWIFT_VERSION = 5.0;
				TARGETED_DEVICE_FAMILY = "1,2";
				TEST_HOST = "$(BUILT_PRODUCTS_DIR)/Havas.app/Havas";
			};
			name = Debug;
		};
		66C0CA642621607400055BEC /* Release */ = {
			isa = XCBuildConfiguration;
			baseConfigurationReference = DD9394E33AB70A1C553C65E4 /* Pods-HavasTests.release.xcconfig */;
			buildSettings = {
				ALWAYS_EMBED_SWIFT_STANDARD_LIBRARIES = YES;
				BUNDLE_LOADER = "$(TEST_HOST)";
				CODE_SIGN_STYLE = Automatic;
				DEVELOPMENT_TEAM = KAPBW44UCF;
				INFOPLIST_FILE = HavasTests/Info.plist;
				IPHONEOS_DEPLOYMENT_TARGET = 14.4;
				LD_RUNPATH_SEARCH_PATHS = (
					"$(inherited)",
					"@executable_path/Frameworks",
					"@loader_path/Frameworks",
				);
				PRODUCT_BUNDLE_IDENTIFIER = com.example.HavasTests;
				PRODUCT_NAME = "$(TARGET_NAME)";
				SWIFT_VERSION = 5.0;
				TARGETED_DEVICE_FAMILY = "1,2";
				TEST_HOST = "$(BUILT_PRODUCTS_DIR)/Havas.app/Havas";
			};
			name = Release;
		};
		66C0CA662621607400055BEC /* Debug */ = {
			isa = XCBuildConfiguration;
			baseConfigurationReference = 0C0CBFA808EFFE070C32E55E /* Pods-Havas-HavasUITests.debug.xcconfig */;
			buildSettings = {
				ALWAYS_EMBED_SWIFT_STANDARD_LIBRARIES = YES;
				CODE_SIGN_STYLE = Automatic;
				DEVELOPMENT_TEAM = KAPBW44UCF;
				INFOPLIST_FILE = HavasUITests/Info.plist;
				LD_RUNPATH_SEARCH_PATHS = (
					"$(inherited)",
					"@executable_path/Frameworks",
					"@loader_path/Frameworks",
				);
				PRODUCT_BUNDLE_IDENTIFIER = com.example.HavasUITests;
				PRODUCT_NAME = "$(TARGET_NAME)";
				SWIFT_VERSION = 5.0;
				TARGETED_DEVICE_FAMILY = "1,2";
				TEST_TARGET_NAME = Havas;
			};
			name = Debug;
		};
		66C0CA672621607400055BEC /* Release */ = {
			isa = XCBuildConfiguration;
			baseConfigurationReference = 2C16887AD29674EA38CD947B /* Pods-Havas-HavasUITests.release.xcconfig */;
			buildSettings = {
				ALWAYS_EMBED_SWIFT_STANDARD_LIBRARIES = YES;
				CODE_SIGN_STYLE = Automatic;
				DEVELOPMENT_TEAM = KAPBW44UCF;
				INFOPLIST_FILE = HavasUITests/Info.plist;
				LD_RUNPATH_SEARCH_PATHS = (
					"$(inherited)",
					"@executable_path/Frameworks",
					"@loader_path/Frameworks",
				);
				PRODUCT_BUNDLE_IDENTIFIER = com.example.HavasUITests;
				PRODUCT_NAME = "$(TARGET_NAME)";
				SWIFT_VERSION = 5.0;
				TARGETED_DEVICE_FAMILY = "1,2";
				TEST_TARGET_NAME = Havas;
			};
			name = Release;
		};
/* End XCBuildConfiguration section */

/* Begin XCConfigurationList section */
		66C0CA302621607200055BEC /* Build configuration list for PBXProject "Havas" */ = {
			isa = XCConfigurationList;
			buildConfigurations = (
				66C0CA5D2621607400055BEC /* Debug */,
				66C0CA5E2621607400055BEC /* Release */,
			);
			defaultConfigurationIsVisible = 0;
			defaultConfigurationName = Release;
		};
		66C0CA5F2621607400055BEC /* Build configuration list for PBXNativeTarget "Havas" */ = {
			isa = XCConfigurationList;
			buildConfigurations = (
				66C0CA602621607400055BEC /* Debug */,
				66C0CA612621607400055BEC /* Release */,
			);
			defaultConfigurationIsVisible = 0;
			defaultConfigurationName = Release;
		};
		66C0CA622621607400055BEC /* Build configuration list for PBXNativeTarget "HavasTests" */ = {
			isa = XCConfigurationList;
			buildConfigurations = (
				66C0CA632621607400055BEC /* Debug */,
				66C0CA642621607400055BEC /* Release */,
			);
			defaultConfigurationIsVisible = 0;
			defaultConfigurationName = Release;
		};
		66C0CA652621607400055BEC /* Build configuration list for PBXNativeTarget "HavasUITests" */ = {
			isa = XCConfigurationList;
			buildConfigurations = (
				66C0CA662621607400055BEC /* Debug */,
				66C0CA672621607400055BEC /* Release */,
			);
			defaultConfigurationIsVisible = 0;
			defaultConfigurationName = Release;
		};
/* End XCConfigurationList section */
	};
	rootObject = 66C0CA2D2621607200055BEC /* Project object */;
}
